
Microsoft Visual Studio Solution File, Format Version 12.00
# Visual Studio Version 17
VisualStudioVersion = 17.9.34723.18
MinimumVisualStudioVersion = 10.0.40219.1
Project("{9A19103F-16F7-4668-BE54-9A1E7A4F7556}") = "GS_Shop_UserManagement.Domain", "Core\GS_Shop_UserManagement.Domain\GS_Shop_UserManagement.Domain.csproj", "{7EB685BA-F080-4FC2-A268-439B5BEF839B}"
EndProject
Project("{2150E333-8FDC-42A3-9474-1A3956D46DE8}") = "Core", "Core", "{ECAB5D80-2D72-4064-84A1-A4BE75BB5267}"
EndProject
Project("{2150E333-8FDC-42A3-9474-1A3956D46DE8}") = "API", "API", "{2DE0B6D1-401E-45E5-B3DB-D549296DD2A2}"
EndProject
Project("{9A19103F-16F7-4668-BE54-9A1E7A4F7556}") = "GS_Shop_UserManagement.Api", "Api\GS_Shop_UserManagement.Api\GS_Shop_UserManagement.Api.csproj", "{6EF42603-CDD6-49B9-8C65-0C592A3CB77E}"
EndProject
Project("{2150E333-8FDC-42A3-9474-1A3956D46DE8}") = "Infrastructure", "Infrastructure", "{7CC559D4-4DDD-4EB0-A59C-A30F3D20A68C}"
EndProject
Project("{2150E333-8FDC-42A3-9474-1A3956D46DE8}") = "Persistence", "Persistence", "{8CD33560-0D1B-46C6-ABFE-481FE9472D44}"
EndProject
Project("{9A19103F-16F7-4668-BE54-9A1E7A4F7556}") = "GS_Shop_UserManagement.Persistence", "Infrastructure\Persistence\GS_Shop_UserManagement.Persistence\GS_Shop_UserManagement.Persistence.csproj", "{A0FD22FD-9208-4D6E-9451-43250E178C46}"
EndProject
Project("{2150E333-8FDC-42A3-9474-1A3956D46DE8}") = "Application", "Application", "{07288BD0-601F-4A8D-A4E9-FD7B3BEDC63C}"
EndProject
Project("{9A19103F-16F7-4668-BE54-9A1E7A4F7556}") = "GS_Shop_UserManagement.Application", "Application\GS_Shop_UserManagement.Application\GS_Shop_UserManagement.Application.csproj", "{B323DF43-DBB0-41FA-BD3E-9A9374AABC9D}"
EndProject
Project("{2150E333-8FDC-42A3-9474-1A3956D46DE8}") = "Infrastructure", "Infrastructure", "{AAD3AC81-9E2C-4E02-8C0A-0C74BA117159}"
EndProject
Project("{9A19103F-16F7-4668-BE54-9A1E7A4F7556}") = "GS_Shop_UserManagement.Infrastructure", "Infrastructure\Infrastructure\GS_Shop_UserManagement.Infrastructure\GS_Shop_UserManagement.Infrastructure.csproj", "{C57E4854-B80B-4FE6-86B9-99BA0AC44091}"
EndProject
Project("{E53339B2-1760-4266-BCC7-CA923CBCF16C}") = "docker-compose", "docker-compose.dcproj", "{E2051FBD-FDEE-435E-82A2-71F697812505}"
EndProject
Project("{2150E333-8FDC-42A3-9474-1A3956D46DE8}") = "Test", "Test", "{748EA905-99D3-4FC7-9CE4-51F733C6CA0A}"
EndProject
Project("{9A19103F-16F7-4668-BE54-9A1E7A4F7556}") = "GS_Shop_UserManagement_Integration_Test", "Test\GS_Shop_UserManagement_Integration_Test\GS_Shop_UserManagement_Integration_Test.csproj", "{F2E22EFE-85D2-4E4C-BA98-2FDBC45F019F}"
EndProject
Project("{2150E333-8FDC-42A3-9474-1A3956D46DE8}") = "GS_Shop.UserManager", "GS_Shop.UserManager", "{A8D03D10-A2C5-445C-9AD5-7201C1634EB1}"
EndProject
Project("{2150E333-8FDC-42A3-9474-1A3956D46DE8}") = "GS_Shop.Home", "GS_Shop.Home", "{0B7D25A4-C66B-496D-A27D-32F046D49DF5}"
EndProject
Project("{2150E333-8FDC-42A3-9474-1A3956D46DE8}") = "BuildingBlocks", "BuildingBlocks", "{9C81C9EA-5DB0-492E-9130-EFA9E15A3F14}"
EndProject
Project("{FAE04EC0-301F-11D3-BF4B-00C04F79EFBC}") = "EventBus.Messages", "..\BuildingBlocks\EventBus.Messages\EventBus.Messages.csproj", "{73628BC0-5F73-4D10-8B4A-35CE0202E552}"
EndProject
Project("{FAE04EC0-301F-11D3-BF4B-00C04F79EFBC}") = "GS_Shop.Home", "..\GS_Shop.Home\GS_Shop.Home\GS_Shop.Home.csproj", "{9DD479C0-152D-48CF-807D-136550309545}"
EndProject
Global
	GlobalSection(SolutionConfigurationPlatforms) = preSolution
		Debug|Any CPU = Debug|Any CPU
		Release|Any CPU = Release|Any CPU
	EndGlobalSection
	GlobalSection(ProjectConfigurationPlatforms) = postSolution
		{7EB685BA-F080-4FC2-A268-439B5BEF839B}.Debug|Any CPU.ActiveCfg = Debug|Any CPU
		{7EB685BA-F080-4FC2-A268-439B5BEF839B}.Debug|Any CPU.Build.0 = Debug|Any CPU
		{7EB685BA-F080-4FC2-A268-439B5BEF839B}.Release|Any CPU.ActiveCfg = Release|Any CPU
		{7EB685BA-F080-4FC2-A268-439B5BEF839B}.Release|Any CPU.Build.0 = Release|Any CPU
		{6EF42603-CDD6-49B9-8C65-0C592A3CB77E}.Debug|Any CPU.ActiveCfg = Debug|Any CPU
		{6EF42603-CDD6-49B9-8C65-0C592A3CB77E}.Debug|Any CPU.Build.0 = Debug|Any CPU
		{6EF42603-CDD6-49B9-8C65-0C592A3CB77E}.Release|Any CPU.ActiveCfg = Release|Any CPU
		{6EF42603-CDD6-49B9-8C65-0C592A3CB77E}.Release|Any CPU.Build.0 = Release|Any CPU
		{A0FD22FD-9208-4D6E-9451-43250E178C46}.Debug|Any CPU.ActiveCfg = Debug|Any CPU
		{A0FD22FD-9208-4D6E-9451-43250E178C46}.Debug|Any CPU.Build.0 = Debug|Any CPU
		{A0FD22FD-9208-4D6E-9451-43250E178C46}.Release|Any CPU.ActiveCfg = Release|Any CPU
		{A0FD22FD-9208-4D6E-9451-43250E178C46}.Release|Any CPU.Build.0 = Release|Any CPU
		{B323DF43-DBB0-41FA-BD3E-9A9374AABC9D}.Debug|Any CPU.ActiveCfg = Debug|Any CPU
		{B323DF43-DBB0-41FA-BD3E-9A9374AABC9D}.Debug|Any CPU.Build.0 = Debug|Any CPU
		{B323DF43-DBB0-41FA-BD3E-9A9374AABC9D}.Release|Any CPU.ActiveCfg = Release|Any CPU
		{B323DF43-DBB0-41FA-BD3E-9A9374AABC9D}.Release|Any CPU.Build.0 = Release|Any CPU
		{C57E4854-B80B-4FE6-86B9-99BA0AC44091}.Debug|Any CPU.ActiveCfg = Debug|Any CPU
		{C57E4854-B80B-4FE6-86B9-99BA0AC44091}.Debug|Any CPU.Build.0 = Debug|Any CPU
		{C57E4854-B80B-4FE6-86B9-99BA0AC44091}.Release|Any CPU.ActiveCfg = Release|Any CPU
		{C57E4854-B80B-4FE6-86B9-99BA0AC44091}.Release|Any CPU.Build.0 = Release|Any CPU
		{E2051FBD-FDEE-435E-82A2-71F697812505}.Debug|Any CPU.ActiveCfg = Debug|Any CPU
		{E2051FBD-FDEE-435E-82A2-71F697812505}.Debug|Any CPU.Build.0 = Debug|Any CPU
		{E2051FBD-FDEE-435E-82A2-71F697812505}.Release|Any CPU.ActiveCfg = Release|Any CPU
		{E2051FBD-FDEE-435E-82A2-71F697812505}.Release|Any CPU.Build.0 = Release|Any CPU
		{F2E22EFE-85D2-4E4C-BA98-2FDBC45F019F}.Debug|Any CPU.ActiveCfg = Debug|Any CPU
		{F2E22EFE-85D2-4E4C-BA98-2FDBC45F019F}.Debug|Any CPU.Build.0 = Debug|Any CPU
		{F2E22EFE-85D2-4E4C-BA98-2FDBC45F019F}.Release|Any CPU.ActiveCfg = Release|Any CPU
		{F2E22EFE-85D2-4E4C-BA98-2FDBC45F019F}.Release|Any CPU.Build.0 = Release|Any CPU
		{73628BC0-5F73-4D10-8B4A-35CE0202E552}.Debug|Any CPU.ActiveCfg = Debug|Any CPU
		{73628BC0-5F73-4D10-8B4A-35CE0202E552}.Debug|Any CPU.Build.0 = Debug|Any CPU
		{73628BC0-5F73-4D10-8B4A-35CE0202E552}.Release|Any CPU.ActiveCfg = Release|Any CPU
		{73628BC0-5F73-4D10-8B4A-35CE0202E552}.Release|Any CPU.Build.0 = Release|Any CPU
		{9DD479C0-152D-48CF-807D-136550309545}.Debug|Any CPU.ActiveCfg = Debug|Any CPU
		{9DD479C0-152D-48CF-807D-136550309545}.Debug|Any CPU.Build.0 = Debug|Any CPU
		{9DD479C0-152D-48CF-807D-136550309545}.Release|Any CPU.ActiveCfg = Release|Any CPU
		{9DD479C0-152D-48CF-807D-136550309545}.Release|Any CPU.Build.0 = Release|Any CPU
	EndGlobalSection
	GlobalSection(SolutionProperties) = preSolution
		HideSolutionNode = FALSE
	EndGlobalSection
	GlobalSection(NestedProjects) = preSolution
		{7EB685BA-F080-4FC2-A268-439B5BEF839B} = {ECAB5D80-2D72-4064-84A1-A4BE75BB5267}
		{ECAB5D80-2D72-4064-84A1-A4BE75BB5267} = {A8D03D10-A2C5-445C-9AD5-7201C1634EB1}
		{2DE0B6D1-401E-45E5-B3DB-D549296DD2A2} = {A8D03D10-A2C5-445C-9AD5-7201C1634EB1}
		{6EF42603-CDD6-49B9-8C65-0C592A3CB77E} = {2DE0B6D1-401E-45E5-B3DB-D549296DD2A2}
		{7CC559D4-4DDD-4EB0-A59C-A30F3D20A68C} = {A8D03D10-A2C5-445C-9AD5-7201C1634EB1}
		{8CD33560-0D1B-46C6-ABFE-481FE9472D44} = {7CC559D4-4DDD-4EB0-A59C-A30F3D20A68C}
		{A0FD22FD-9208-4D6E-9451-43250E178C46} = {8CD33560-0D1B-46C6-ABFE-481FE9472D44}
		{07288BD0-601F-4A8D-A4E9-FD7B3BEDC63C} = {A8D03D10-A2C5-445C-9AD5-7201C1634EB1}
		{B323DF43-DBB0-41FA-BD3E-9A9374AABC9D} = {07288BD0-601F-4A8D-A4E9-FD7B3BEDC63C}
		{AAD3AC81-9E2C-4E02-8C0A-0C74BA117159} = {7CC559D4-4DDD-4EB0-A59C-A30F3D20A68C}
		{C57E4854-B80B-4FE6-86B9-99BA0AC44091} = {AAD3AC81-9E2C-4E02-8C0A-0C74BA117159}
		{748EA905-99D3-4FC7-9CE4-51F733C6CA0A} = {A8D03D10-A2C5-445C-9AD5-7201C1634EB1}
		{F2E22EFE-85D2-4E4C-BA98-2FDBC45F019F} = {748EA905-99D3-4FC7-9CE4-51F733C6CA0A}
		{73628BC0-5F73-4D10-8B4A-35CE0202E552} = {9C81C9EA-5DB0-492E-9130-EFA9E15A3F14}
		{9DD479C0-152D-48CF-807D-136550309545} = {0B7D25A4-C66B-496D-A27D-32F046D49DF5}
	EndGlobalSection
	GlobalSection(ExtensibilityGlobals) = postSolution
		SolutionGuid = {CA2C8440-7E2F-4CC0-BA5F-AFD47D9C8C34}
	EndGlobalSection
EndGlobal
